
Microsoft Visual Studio Solution File, Format Version 12.00
# Visual Studio Version 17
VisualStudioVersion = 17.5.33424.131
MinimumVisualStudioVersion = 10.0.40219.1
Project("{FAE04EC0-301F-11D3-BF4B-00C04F79EFBC}") = "cadastro_funcionario_atualizado_bd", "cadastro_funcionario_atualizado_bd\cadastro_funcionario_atualizado_bd.csproj", "{FF85209A-3E72-4BA3-91CC-FDB1B7414B7C}"
EndProject
Global
	GlobalSection(SolutionConfigurationPlatforms) = preSolution
		Debug|Any CPU = Debug|Any CPU
		Release|Any CPU = Release|Any CPU
	EndGlobalSection
	GlobalSection(ProjectConfigurationPlatforms) = postSolution
		{FF85209A-3E72-4BA3-91CC-FDB1B7414B7C}.Debug|Any CPU.ActiveCfg = Debug|Any CPU
		{FF85209A-3E72-4BA3-91CC-FDB1B7414B7C}.Debug|Any CPU.Build.0 = Debug|Any CPU
		{FF85209A-3E72-4BA3-91CC-FDB1B7414B7C}.Release|Any CPU.ActiveCfg = Release|Any CPU
		{FF85209A-3E72-4BA3-91CC-FDB1B7414B7C}.Release|Any CPU.Build.0 = Release|Any CPU
	EndGlobalSection
	GlobalSection(SolutionProperties) = preSolution
		HideSolutionNode = FALSE
	EndGlobalSection
	GlobalSection(ExtensibilityGlobals) = postSolution
		SolutionGuid = {8A713EF1-5867-45A1-BC43-D1A1D05DE442}
	EndGlobalSection
EndGlobal
